
Microsoft Visual Studio Solution File, Format Version 12.00
Project("{FAE04EC0-301F-11D3-BF4B-00C04F79EFBC}") = "ProductAPI", "ProductAPI\ProductAPI.csproj", "{E0ED66AF-49EA-4F00-8AA5-F79CD76AAD58}"
EndProject
Project("{FAE04EC0-301F-11D3-BF4B-00C04F79EFBC}") = "Gateway", "Gateway\Gateway.csproj", "{CD432538-D348-4C35-B4C5-177FC324FC6B}"
EndProject
Global
	GlobalSection(SolutionConfigurationPlatforms) = preSolution
		Debug|Any CPU = Debug|Any CPU
		Release|Any CPU = Release|Any CPU
	EndGlobalSection
	GlobalSection(ProjectConfigurationPlatforms) = postSolution
		{E0ED66AF-49EA-4F00-8AA5-F79CD76AAD58}.Debug|Any CPU.ActiveCfg = Debug|Any CPU
		{E0ED66AF-49EA-4F00-8AA5-F79CD76AAD58}.Debug|Any CPU.Build.0 = Debug|Any CPU
		{E0ED66AF-49EA-4F00-8AA5-F79CD76AAD58}.Release|Any CPU.ActiveCfg = Release|Any CPU
		{E0ED66AF-49EA-4F00-8AA5-F79CD76AAD58}.Release|Any CPU.Build.0 = Release|Any CPU
		{CD432538-D348-4C35-B4C5-177FC324FC6B}.Debug|Any CPU.ActiveCfg = Debug|Any CPU
		{CD432538-D348-4C35-B4C5-177FC324FC6B}.Debug|Any CPU.Build.0 = Debug|Any CPU
		{CD432538-D348-4C35-B4C5-177FC324FC6B}.Release|Any CPU.ActiveCfg = Release|Any CPU
		{CD432538-D348-4C35-B4C5-177FC324FC6B}.Release|Any CPU.Build.0 = Release|Any CPU
	EndGlobalSection
EndGlobal
